// !$*UTF8*$!
{
	archiveVersion = 1;
	classes = {
	};
	objectVersion = 48;
	objects = {

/* Begin PBXBuildFile section */
		219541EF1FD4E33D000DC9C5 /* AppDelegate.swift in Sources */ = {isa = PBXBuildFile; fileRef = 219541EE1FD4E33D000DC9C5 /* AppDelegate.swift */; };
		219541F11FD4E33D000DC9C5 /* ViewController.swift in Sources */ = {isa = PBXBuildFile; fileRef = 219541F01FD4E33D000DC9C5 /* ViewController.swift */; };
		219541F41FD4E33D000DC9C5 /* Main.storyboard in Resources */ = {isa = PBXBuildFile; fileRef = 219541F21FD4E33D000DC9C5 /* Main.storyboard */; };
		219541F61FD4E33D000DC9C5 /* Assets.xcassets in Resources */ = {isa = PBXBuildFile; fileRef = 219541F51FD4E33D000DC9C5 /* Assets.xcassets */; };
		219541F91FD4E33D000DC9C5 /* LaunchScreen.storyboard in Resources */ = {isa = PBXBuildFile; fileRef = 219541F71FD4E33D000DC9C5 /* LaunchScreen.storyboard */; };
/* End PBXBuildFile section */

/* Begin PBXFileReference section */
		219541EB1FD4E33D000DC9C5 /* nbaplays.app */ = {isa = PBXFileReference; explicitFileType = wrapper.application; includeInIndex = 0; path = nbaplays.app; sourceTree = BUILT_PRODUCTS_DIR; };
		219541EE1FD4E33D000DC9C5 /* AppDelegate.swift */ = {isa = PBXFileReference; lastKnownFileType = sourcecode.swift; path = AppDelegate.swift; sourceTree = "<group>"; };
		219541F01FD4E33D000DC9C5 /* ViewController.swift */ = {isa = PBXFileReference; lastKnownFileType = sourcecode.swift; path = ViewController.swift; sourceTree = "<group>"; };
		219541F31FD4E33D000DC9C5 /* Base */ = {isa = PBXFileReference; lastKnownFileType = file.storyboard; name = Base; path = Base.lproj/Main.storyboard; sourceTree = "<group>"; };
		219541F51FD4E33D000DC9C5 /* Assets.xcassets */ = {isa = PBXFileReference; lastKnownFileType = folder.assetcatalog; path = Assets.xcassets; sourceTree = "<group>"; };
		219541F81FD4E33D000DC9C5 /* Base */ = {isa = PBXFileReference; lastKnownFileType = file.storyboard; name = Base; path = Base.lproj/LaunchScreen.storyboard; sourceTree = "<group>"; };
		219541FA1FD4E33D000DC9C5 /* Info.plist */ = {isa = PBXFileReference; lastKnownFileType = text.plist.xml; path = Info.plist; sourceTree = "<group>"; };
/* End PBXFileReference section */

/* Begin PBXFrameworksBuildPhase section */
		219541E81FD4E33D000DC9C5 /* Frameworks */ = {
			isa = PBXFrameworksBuildPhase;
			buildActionMask = 2147483647;
			files = (
			);
			runOnlyForDeploymentPostprocessing = 0;
		};
/* End PBXFrameworksBuildPhase section */

/* Begin PBXGroup section */
		219541E21FD4E33D000DC9C5 = {
			isa = PBXGroup;
			children = (
				219541ED1FD4E33D000DC9C5 /* nbaplays */,
				219541EC1FD4E33D000DC9C5 /* Products */,
			);
			sourceTree = "<group>";
		};
		219541EC1FD4E33D000DC9C5 /* Products */ = {
			isa = PBXGroup;
			children = (
				219541EB1FD4E33D000DC9C5 /* nbaplays.app */,
			);
			name = Products;
			sourceTree = "<group>";
		};
		219541ED1FD4E33D000DC9C5 /* nbaplays */ = {
			isa = PBXGroup;
			children = (
				219541EE1FD4E33D000DC9C5 /* AppDelegate.swift */,
				219541F01FD4E33D000DC9C5 /* ViewController.swift */,
				219541F21FD4E33D000DC9C5 /* Main.storyboard */,
				219541F51FD4E33D000DC9C5 /* Assets.xcassets */,
				219541F71FD4E33D000DC9C5 /* LaunchScreen.storyboard */,
				219541FA1FD4E33D000DC9C5 /* Info.plist */,
			);
			path = nbaplays;
			sourceTree = "<group>";
		};
/* End PBXGroup section */

/* Begin PBXNativeTarget section */
		219541EA1FD4E33D000DC9C5 /* nbaplays */ = {
			isa = PBXNativeTarget;
			buildConfigurationList = 219541FD1FD4E33D000DC9C5 /* Build configuration list for PBXNativeTarget "nbaplays" */;
			buildPhases = (
				219541E71FD4E33D000DC9C5 /* Sources */,
				219541E81FD4E33D000DC9C5 /* Frameworks */,
				219541E91FD4E33D000DC9C5 /* Resources */,
			);
			buildRules = (
			);
			dependencies = (
			);
			name = nbaplays;
			productName = nbaplays;
			productReference = 219541EB1FD4E33D000DC9C5 /* nbaplays.app */;
			productType = "com.apple.product-type.application";
		};
/* End PBXNativeTarget section */

/* Begin PBXProject section */
		219541E31FD4E33D000DC9C5 /* Project object */ = {
			isa = PBXProject;
			attributes = {
				LastSwiftUpdateCheck = 0910;
				LastUpgradeCheck = 0910;
				ORGANIZATIONNAME = "Laxman Kumar";
				TargetAttributes = {
					219541EA1FD4E33D000DC9C5 = {
						CreatedOnToolsVersion = 9.1;
						ProvisioningStyle = Automatic;
					};
				};
			};
			buildConfigurationList = 219541E61FD4E33D000DC9C5 /* Build configuration list for PBXProject "nbaplays" */;
			compatibilityVersion = "Xcode 8.0";
			developmentRegion = en;
			hasScannedForEncodings = 0;
			knownRegions = (
				en,
				Base,
			);
			mainGroup = 219541E21FD4E33D000DC9C5;
			productRefGroup = 219541EC1FD4E33D000DC9C5 /* Products */;
			projectDirPath = "";
			projectRoot = "";
			targets = (
				219541EA1FD4E33D000DC9C5 /* nbaplays */,
			);
		};
/* End PBXProject section */

/* Begin PBXResourcesBuildPhase section */
		219541E91FD4E33D000DC9C5 /* Resources */ = {
			isa = PBXResourcesBuildPhase;
			buildActionMask = 2147483647;
			files = (
				219541F91FD4E33D000DC9C5 /* LaunchScreen.storyboard in Resources */,
				219541F61FD4E33D000DC9C5 /* Assets.xcassets in Resources */,
				219541F41FD4E33D000DC9C5 /* Main.storyboard in Resources */,
			);
			runOnlyForDeploymentPostprocessing = 0;
		};
/* End PBXResourcesBuildPhase section */

/* Begin PBXSourcesBuildPhase section */
		219541E71FD4E33D000DC9C5 /* Sources */ = {
			isa = PBXSourcesBuildPhase;
			buildActionMask = 2147483647;
			files = (
				219541F11FD4E33D000DC9C5 /* ViewController.swift in Sources */,
				219541EF1FD4E33D000DC9C5 /* AppDelegate.swift in Sources */,
			);
			runOnlyForDeploymentPostprocessing = 0;
		};
/* End PBXSourcesBuildPhase section */

/* Begin PBXVariantGroup section */
		219541F21FD4E33D000DC9C5 /* Main.storyboard */ = {
			isa = PBXVariantGroup;
			children = (
				219541F31FD4E33D000DC9C5 /* Base */,
			);
			name = Main.storyboard;
			sourceTree = "<group>";
		};
		219541F71FD4E33D000DC9C5 /* LaunchScreen.storyboard */ = {
			isa = PBXVariantGroup;
			children = (
				219541F81FD4E33D000DC9C5 /* Base */,
			);
			name = LaunchScreen.storyboard;
			sourceTree = "<group>";
		};
/* End PBXVariantGroup section */

/* Begin XCBuildConfiguration section */
		219541FB1FD4E33D000DC9C5 /* Debug */ = {
			isa = XCBuildConfiguration;
			buildSettings = {
				ALWAYS_SEARCH_USER_PATHS = NO;
				CLANG_ANALYZER_NONNULL = YES;
				CLANG_ANALYZER_NUMBER_OBJECT_CONVERSION = YES_AGGRESSIVE;
				CLANG_CXX_LANGUAGE_STANDARD = "gnu++14";
				CLANG_CXX_LIBRARY = "libc++";
				CLANG_ENABLE_MODULES = YES;
				CLANG_ENABLE_OBJC_ARC = YES;
				CLANG_WARN_BLOCK_CAPTURE_AUTORELEASING = YES;
				CLANG_WARN_BOOL_CONVERSION = YES;
				CLANG_WARN_COMMA = YES;
				CLANG_WARN_CONSTANT_CONVERSION = YES;
				CLANG_WARN_DIRECT_OBJC_ISA_USAGE = YES_ERROR;
				CLANG_WARN_DOCUMENTATION_COMMENTS = YES;
				CLANG_WARN_EMPTY_BODY = YES;
				CLANG_WARN_ENUM_CONVERSION = YES;
				CLANG_WARN_INFINITE_RECURSION = YES;
				CLANG_WARN_INT_CONVERSION = YES;
				CLANG_WARN_NON_LITERAL_NULL_CONVERSION = YES;
				CLANG_WARN_OBJC_LITERAL_CONVERSION = YES;
				CLANG_WARN_OBJC_ROOT_CLASS = YES_ERROR;
				CLANG_WARN_RANGE_LOOP_ANALYSIS = YES;
				CLANG_WARN_STRICT_PROTOTYPES = YES;
				CLANG_WARN_SUSPICIOUS_MOVE = YES;
				CLANG_WARN_UNGUARDED_AVAILABILITY = YES_AGGRESSIVE;
				CLANG_WARN_UNREACHABLE_CODE = YES;
				CLANG_WARN__DUPLICATE_METHOD_MATCH = YES;
				CODE_SIGN_IDENTITY = "iPhone Developer";
				COPY_PHASE_STRIP = NO;
				DEBUG_INFORMATION_FORMAT = dwarf;
				ENABLE_STRICT_OBJC_MSGSEND = YES;
				ENABLE_TESTABILITY = YES;
				GCC_C_LANGUAGE_STANDARD = gnu11;
				GCC_DYNAMIC_NO_PIC = NO;
				GCC_NO_COMMON_BLOCKS = YES;
				GCC_OPTIMIZATION_LEVEL = 0;
				GCC_PREPROCESSOR_DEFINITIONS = (
					"DEBUG=1",
					"$(inherited)",
				);
				GCC_WARN_64_TO_32_BIT_CONVERSION = YES;
				GCC_WARN_ABOUT_RETURN_TYPE = YES_ERROR;
				GCC_WARN_UNDECLARED_SELECTOR = YES;
				GCC_WARN_UNINITIALIZED_AUTOS = YES_AGGRESSIVE;
				GCC_WARN_UNUSED_FUNCTION = YES;
				GCC_WARN_UNUSED_VARIABLE = YES;
				IPHONEOS_DEPLOYMENT_TARGET = 11.1;
				MTL_ENABLE_DEBUG_INFO = YES;
				ONLY_ACTIVE_ARCH = YES;
				SDKROOT = iphoneos;
				SWIFT_ACTIVE_COMPILATION_CONDITIONS = DEBUG;
				SWIFT_OPTIMIZATION_LEVEL = "-Onone";
			};
			name = Debug;
		};
		219541FC1FD4E33D000DC9C5 /* Release */ = {
			isa = XCBuildConfiguration;
			buildSettings = {
				ALWAYS_SEARCH_USER_PATHS = NO;
				CLANG_ANALYZER_NONNULL = YES;
				CLANG_ANALYZER_NUMBER_OBJECT_CONVERSION = YES_AGGRESSIVE;
				CLANG_CXX_LANGUAGE_STANDARD = "gnu++14";
				CLANG_CXX_LIBRARY = "libc++";
				CLANG_ENABLE_MODULES = YES;
				CLANG_ENABLE_OBJC_ARC = YES;
				CLANG_WARN_BLOCK_CAPTURE_AUTORELEASING = YES;
				CLANG_WARN_BOOL_CONVERSION = YES;
				CLANG_WARN_COMMA = YES;
				CLANG_WARN_CONSTANT_CONVERSION = YES;
				CLANG_WARN_DIRECT_OBJC_ISA_USAGE = YES_ERROR;
				CLANG_WARN_DOCUMENTATION_COMMENTS = YES;
				CLANG_WARN_EMPTY_BODY = YES;
				CLANG_WARN_ENUM_CONVERSION = YES;
				CLANG_WARN_INFINITE_RECURSION = YES;
				CLANG_WARN_INT_CONVERSION = YES;
				CLANG_WARN_NON_LITERAL_NULL_CONVERSION = YES;
				CLANG_WARN_OBJC_LITERAL_CONVERSION = YES;
				CLANG_WARN_OBJC_ROOT_CLASS = YES_ERROR;
				CLANG_WARN_RANGE_LOOP_ANALYSIS = YES;
				CLANG_WARN_STRICT_PROTOTYPES = YES;
				CLANG_WARN_SUSPICIOUS_MOVE = YES;
				CLANG_WARN_UNGUARDED_AVAILABILITY = YES_AGGRESSIVE;
				CLANG_WARN_UNREACHABLE_CODE = YES;
				CLANG_WARN__DUPLICATE_METHOD_MATCH = YES;
				CODE_SIGN_IDENTITY = "iPhone Developer";
				COPY_PHASE_STRIP = NO;
				DEBUG_INFORMATION_FORMAT = "dwarf-with-dsym";
				ENABLE_NS_ASSERTIONS = NO;
				ENABLE_STRICT_OBJC_MSGSEND = YES;
				GCC_C_LANGUAGE_STANDARD = gnu11;
				GCC_NO_COMMON_BLOCKS = YES;
				GCC_WARN_64_TO_32_BIT_CONVERSION = YES;
				GCC_WARN_ABOUT_RETURN_TYPE = YES_ERROR;
				GCC_WARN_UNDECLARED_SELECTOR = YES;
				GCC_WARN_UNINITIALIZED_AUTOS = YES_AGGRESSIVE;
				GCC_WARN_UNUSED_FUNCTION = YES;
				GCC_WARN_UNUSED_VARIABLE = YES;
				IPHONEOS_DEPLOYMENT_TARGET = 11.1;
				MTL_ENABLE_DEBUG_INFO = NO;
				SDKROOT = iphoneos;
				SWIFT_OPTIMIZATION_LEVEL = "-Owholemodule";
				VALIDATE_PRODUCT = YES;
			};
			name = Release;
		};
		219541FE1FD4E33D000DC9C5 /* Debug */ = {
			isa = XCBuildConfiguration;
			buildSettings = {
				ASSETCATALOG_COMPILER_APPICON_NAME = AppIcon;
				CODE_SIGN_STYLE = Automatic;
				INFOPLIST_FILE = nbaplays/Info.plist;
				LD_RUNPATH_SEARCH_PATHS = "$(inherited) @executable_path/Frameworks";
				PRODUCT_BUNDLE_IDENTIFIER = LK.nbaplays;
				PRODUCT_NAME = "$(TARGET_NAME)";
				SWIFT_VERSION = 4.0;
				TARGETED_DEVICE_FAMILY = "1,2";
			};
			name = Debug;
		};
		219541FF1FD4E33D000DC9C5 /* Release */ = {
			isa = XCBuildConfiguration;
			buildSettings = {
				ASSETCATALOG_COMPILER_APPICON_NAME = AppIcon;
				CODE_SIGN_STYLE = Automatic;
				INFOPLIST_FILE = nbaplays/Info.plist;
				LD_RUNPATH_SEARCH_PATHS = "$(inherited) @executable_path/Frameworks";
				PRODUCT_BUNDLE_IDENTIFIER = LK.nbaplays;
				PRODUCT_NAME = "$(TARGET_NAME)";
				SWIFT_VERSION = 4.0;
				TARGETED_DEVICE_FAMILY = "1,2";
			};
			name = Release;
		};
/* End XCBuildConfiguration section */

/* Begin XCConfigurationList section */
		219541E61FD4E33D000DC9C5 /* Build configuration list for PBXProject "nbaplays" */ = {
			isa = XCConfigurationList;
			buildConfigurations = (
				219541FB1FD4E33D000DC9C5 /* Debug */,
				219541FC1FD4E33D000DC9C5 /* Release */,
			);
			defaultConfigurationIsVisible = 0;
			defaultConfigurationName = Release;
		};
		219541FD1FD4E33D000DC9C5 /* Build configuration list for PBXNativeTarget "nbaplays" */ = {
			isa = XCConfigurationList;
			buildConfigurations = (
				219541FE1FD4E33D000DC9C5 /* Debug */,
				219541FF1FD4E33D000DC9C5 /* Release */,
			);
			defaultConfigurationIsVisible = 0;
			defaultConfigurationName = Release;
		};
/* End XCConfigurationList section */
	};
	rootObject = 219541E31FD4E33D000DC9C5 /* Project object */;
}
